
Microsoft Visual Studio Solution File, Format Version 12.00
# Visual Studio Version 16
VisualStudioVersion = 16.0.31729.503
MinimumVisualStudioVersion = 10.0.40219.1
Project("{FAE04EC0-301F-11D3-BF4B-00C04F79EFBC}") = "Tic-tak-toe", "Tic-tak-toe\Tic-tak-toe.csproj", "{0F9CB5E5-5E6B-4E25-915B-F27FDCEC2F6D}"
EndProject
Global
	GlobalSection(SolutionConfigurationPlatforms) = preSolution
		Debug|Any CPU = Debug|Any CPU
		Release|Any CPU = Release|Any CPU
	EndGlobalSection
	GlobalSection(ProjectConfigurationPlatforms) = postSolution
		{0F9CB5E5-5E6B-4E25-915B-F27FDCEC2F6D}.Debug|Any CPU.ActiveCfg = Debug|Any CPU
		{0F9CB5E5-5E6B-4E25-915B-F27FDCEC2F6D}.Debug|Any CPU.Build.0 = Debug|Any CPU
		{0F9CB5E5-5E6B-4E25-915B-F27FDCEC2F6D}.Release|Any CPU.ActiveCfg = Release|Any CPU
		{0F9CB5E5-5E6B-4E25-915B-F27FDCEC2F6D}.Release|Any CPU.Build.0 = Release|Any CPU
	EndGlobalSection
	GlobalSection(SolutionProperties) = preSolution
		HideSolutionNode = FALSE
	EndGlobalSection
	GlobalSection(ExtensibilityGlobals) = postSolution
		SolutionGuid = {D2CBA9E4-09BC-427D-B9B2-8A0D74A84687}
	EndGlobalSection
EndGlobal
